
Microsoft Visual Studio Solution File, Format Version 12.00
# Visual Studio Version 17
VisualStudioVersion = 17.0.31903.59
MinimumVisualStudioVersion = 10.0.40219.1
Project("{FAE04EC0-301F-11D3-BF4B-00C04F79EFBC}") = "Ncode.Core", "Ncode.Core\Ncode.Core.csproj", "{2AF4FEB9-16E0-4D43-AF21-91326D816F33}"
EndProject
Project("{FAE04EC0-301F-11D3-BF4B-00C04F79EFBC}") = "Ncode", "Ncode\Ncode.csproj", "{D1D8C3F8-1414-414C-9DA7-A12A01770996}"
EndProject
Project("{FAE04EC0-301F-11D3-BF4B-00C04F79EFBC}") = "Ncode.Editor", "Ncode.Editor\Ncode.Editor.csproj", "{F8C5F36E-23E4-4645-A9DD-65CA4674D042}"
EndProject
Global
	GlobalSection(SolutionConfigurationPlatforms) = preSolution
		Debug|Any CPU = Debug|Any CPU
		Debug|x64 = Debug|x64
		Debug|x86 = Debug|x86
		Release|Any CPU = Release|Any CPU
		Release|x64 = Release|x64
		Release|x86 = Release|x86
	EndGlobalSection
	GlobalSection(ProjectConfigurationPlatforms) = postSolution
		{2AF4FEB9-16E0-4D43-AF21-91326D816F33}.Debug|Any CPU.ActiveCfg = Debug|Any CPU
		{2AF4FEB9-16E0-4D43-AF21-91326D816F33}.Debug|Any CPU.Build.0 = Debug|Any CPU
		{2AF4FEB9-16E0-4D43-AF21-91326D816F33}.Debug|x64.ActiveCfg = Debug|Any CPU
		{2AF4FEB9-16E0-4D43-AF21-91326D816F33}.Debug|x64.Build.0 = Debug|Any CPU
		{2AF4FEB9-16E0-4D43-AF21-91326D816F33}.Debug|x86.ActiveCfg = Debug|Any CPU
		{2AF4FEB9-16E0-4D43-AF21-91326D816F33}.Debug|x86.Build.0 = Debug|Any CPU
		{2AF4FEB9-16E0-4D43-AF21-91326D816F33}.Release|Any CPU.ActiveCfg = Release|Any CPU
		{2AF4FEB9-16E0-4D43-AF21-91326D816F33}.Release|Any CPU.Build.0 = Release|Any CPU
		{2AF4FEB9-16E0-4D43-AF21-91326D816F33}.Release|x64.ActiveCfg = Release|Any CPU
		{2AF4FEB9-16E0-4D43-AF21-91326D816F33}.Release|x64.Build.0 = Release|Any CPU
		{2AF4FEB9-16E0-4D43-AF21-91326D816F33}.Release|x86.ActiveCfg = Release|Any CPU
		{2AF4FEB9-16E0-4D43-AF21-91326D816F33}.Release|x86.Build.0 = Release|Any CPU
		{D1D8C3F8-1414-414C-9DA7-A12A01770996}.Debug|Any CPU.ActiveCfg = Debug|Any CPU
		{D1D8C3F8-1414-414C-9DA7-A12A01770996}.Debug|Any CPU.Build.0 = Debug|Any CPU
		{D1D8C3F8-1414-414C-9DA7-A12A01770996}.Debug|x64.ActiveCfg = Debug|Any CPU
		{D1D8C3F8-1414-414C-9DA7-A12A01770996}.Debug|x64.Build.0 = Debug|Any CPU
		{D1D8C3F8-1414-414C-9DA7-A12A01770996}.Debug|x86.ActiveCfg = Debug|Any CPU
		{D1D8C3F8-1414-414C-9DA7-A12A01770996}.Debug|x86.Build.0 = Debug|Any CPU
		{D1D8C3F8-1414-414C-9DA7-A12A01770996}.Release|Any CPU.ActiveCfg = Release|Any CPU
		{D1D8C3F8-1414-414C-9DA7-A12A01770996}.Release|Any CPU.Build.0 = Release|Any CPU
		{D1D8C3F8-1414-414C-9DA7-A12A01770996}.Release|x64.ActiveCfg = Release|Any CPU
		{D1D8C3F8-1414-414C-9DA7-A12A01770996}.Release|x64.Build.0 = Release|Any CPU
		{D1D8C3F8-1414-414C-9DA7-A12A01770996}.Release|x86.ActiveCfg = Release|Any CPU
		{D1D8C3F8-1414-414C-9DA7-A12A01770996}.Release|x86.Build.0 = Release|Any CPU
		{F8C5F36E-23E4-4645-A9DD-65CA4674D042}.Debug|Any CPU.ActiveCfg = Debug|Any CPU
		{F8C5F36E-23E4-4645-A9DD-65CA4674D042}.Debug|Any CPU.Build.0 = Debug|Any CPU
		{F8C5F36E-23E4-4645-A9DD-65CA4674D042}.Debug|x64.ActiveCfg = Debug|Any CPU
		{F8C5F36E-23E4-4645-A9DD-65CA4674D042}.Debug|x64.Build.0 = Debug|Any CPU
		{F8C5F36E-23E4-4645-A9DD-65CA4674D042}.Debug|x86.ActiveCfg = Debug|Any CPU
		{F8C5F36E-23E4-4645-A9DD-65CA4674D042}.Debug|x86.Build.0 = Debug|Any CPU
		{F8C5F36E-23E4-4645-A9DD-65CA4674D042}.Release|Any CPU.ActiveCfg = Release|Any CPU
		{F8C5F36E-23E4-4645-A9DD-65CA4674D042}.Release|Any CPU.Build.0 = Release|Any CPU
		{F8C5F36E-23E4-4645-A9DD-65CA4674D042}.Release|x64.ActiveCfg = Release|Any CPU
		{F8C5F36E-23E4-4645-A9DD-65CA4674D042}.Release|x64.Build.0 = Release|Any CPU
		{F8C5F36E-23E4-4645-A9DD-65CA4674D042}.Release|x86.ActiveCfg = Release|Any CPU
		{F8C5F36E-23E4-4645-A9DD-65CA4674D042}.Release|x86.Build.0 = Release|Any CPU
	EndGlobalSection
	GlobalSection(SolutionProperties) = preSolution
		HideSolutionNode = FALSE
	EndGlobalSection
EndGlobal
